
Microsoft Visual Studio Solution File, Format Version 12.00
# Visual Studio Version 17
VisualStudioVersion = 17.5.33414.496
MinimumVisualStudioVersion = 10.0.40219.1
Project("{FAE04EC0-301F-11D3-BF4B-00C04F79EFBC}") = "entradasalida", "entradasalida.csproj", "{13D39BA3-CFF8-4190-8518-662D37C79F3D}"
EndProject
Global
	GlobalSection(SolutionConfigurationPlatforms) = preSolution
		Debug|Any CPU = Debug|Any CPU
		Release|Any CPU = Release|Any CPU
	EndGlobalSection
	GlobalSection(ProjectConfigurationPlatforms) = postSolution
		{13D39BA3-CFF8-4190-8518-662D37C79F3D}.Debug|Any CPU.ActiveCfg = Debug|Any CPU
		{13D39BA3-CFF8-4190-8518-662D37C79F3D}.Debug|Any CPU.Build.0 = Debug|Any CPU
		{13D39BA3-CFF8-4190-8518-662D37C79F3D}.Release|Any CPU.ActiveCfg = Release|Any CPU
		{13D39BA3-CFF8-4190-8518-662D37C79F3D}.Release|Any CPU.Build.0 = Release|Any CPU
	EndGlobalSection
	GlobalSection(SolutionProperties) = preSolution
		HideSolutionNode = FALSE
	EndGlobalSection
	GlobalSection(ExtensibilityGlobals) = postSolution
		SolutionGuid = {9DF07491-E577-4B65-8890-025D7CC298F4}
	EndGlobalSection
EndGlobal
