
Microsoft Visual Studio Solution File, Format Version 12.00
# Visual Studio Version 17
VisualStudioVersion = 17.5.33414.496
MinimumVisualStudioVersion = 10.0.40219.1
Project("{FAE04EC0-301F-11D3-BF4B-00C04F79EFBC}") = "leerteclado", "leerteclado.csproj", "{3BB0A264-6D6C-40DF-B623-AB183FAB48C5}"
EndProject
Global
	GlobalSection(SolutionConfigurationPlatforms) = preSolution
		Debug|Any CPU = Debug|Any CPU
		Release|Any CPU = Release|Any CPU
	EndGlobalSection
	GlobalSection(ProjectConfigurationPlatforms) = postSolution
		{3BB0A264-6D6C-40DF-B623-AB183FAB48C5}.Debug|Any CPU.ActiveCfg = Debug|Any CPU
		{3BB0A264-6D6C-40DF-B623-AB183FAB48C5}.Debug|Any CPU.Build.0 = Debug|Any CPU
		{3BB0A264-6D6C-40DF-B623-AB183FAB48C5}.Release|Any CPU.ActiveCfg = Release|Any CPU
		{3BB0A264-6D6C-40DF-B623-AB183FAB48C5}.Release|Any CPU.Build.0 = Release|Any CPU
	EndGlobalSection
	GlobalSection(SolutionProperties) = preSolution
		HideSolutionNode = FALSE
	EndGlobalSection
	GlobalSection(ExtensibilityGlobals) = postSolution
		SolutionGuid = {EA2DFA11-4D9B-40C6-970C-A695B4040764}
	EndGlobalSection
EndGlobal
